
Microsoft Visual Studio Solution File, Format Version 12.00
# Visual Studio Version 18
VisualStudioVersion = 18.3.11218.70
MinimumVisualStudioVersion = 10.0.40219.1
Project("{FAE04EC0-301F-11D3-BF4B-00C04F79EFBC}") = "FunctionApp", "FunctionApp\FunctionApp.csproj", "{E27CF47F-1ED2-4D65-9480-4FB52F6BF6BF}"
EndProject
Project("{FAE04EC0-301F-11D3-BF4B-00C04F79EFBC}") = "OpenApi", "OpenApi\OpenApi.csproj", "{D411C3E4-D717-48DD-88CD-CCB7D4DFF9B1}"
EndProject
Project("{FAE04EC0-301F-11D3-BF4B-00C04F79EFBC}") = "MultiAgent", "MultiAgent\MultiAgent.csproj", "{FA7B966E-8DF1-4A6B-BAC6-7212B16A19D7}"
EndProject
Project("{FAE04EC0-301F-11D3-BF4B-00C04F79EFBC}") = "FunctionTool", "FunctionTool\FunctionTool.csproj", "{D5032E3C-CA95-33C5-D08D-C4D8158CF69F}"
EndProject
Project("{FAE04EC0-301F-11D3-BF4B-00C04F79EFBC}") = "OpenApiV2", "AgentV2\OpenApiV2.csproj", "{2F4A6BC0-3915-4441-82B4-B311D373F736}"
EndProject
Project("{FAE04EC0-301F-11D3-BF4B-00C04F79EFBC}") = "YamlDeployment", "YamlDeployment\YamlDeployment.csproj", "{510C870E-72E3-BF70-9DD2-A44EFF3B49D1}"
EndProject
Global
	GlobalSection(SolutionConfigurationPlatforms) = preSolution
		Debug|Any CPU = Debug|Any CPU
		Debug|x64 = Debug|x64
		Debug|x86 = Debug|x86
		Release|Any CPU = Release|Any CPU
		Release|x64 = Release|x64
		Release|x86 = Release|x86
	EndGlobalSection
	GlobalSection(ProjectConfigurationPlatforms) = postSolution
		{E27CF47F-1ED2-4D65-9480-4FB52F6BF6BF}.Debug|Any CPU.ActiveCfg = Debug|Any CPU
		{E27CF47F-1ED2-4D65-9480-4FB52F6BF6BF}.Debug|Any CPU.Build.0 = Debug|Any CPU
		{E27CF47F-1ED2-4D65-9480-4FB52F6BF6BF}.Debug|x64.ActiveCfg = Debug|Any CPU
		{E27CF47F-1ED2-4D65-9480-4FB52F6BF6BF}.Debug|x64.Build.0 = Debug|Any CPU
		{E27CF47F-1ED2-4D65-9480-4FB52F6BF6BF}.Debug|x86.ActiveCfg = Debug|Any CPU
		{E27CF47F-1ED2-4D65-9480-4FB52F6BF6BF}.Debug|x86.Build.0 = Debug|Any CPU
		{E27CF47F-1ED2-4D65-9480-4FB52F6BF6BF}.Release|Any CPU.ActiveCfg = Release|Any CPU
		{E27CF47F-1ED2-4D65-9480-4FB52F6BF6BF}.Release|Any CPU.Build.0 = Release|Any CPU
		{E27CF47F-1ED2-4D65-9480-4FB52F6BF6BF}.Release|x64.ActiveCfg = Release|Any CPU
		{E27CF47F-1ED2-4D65-9480-4FB52F6BF6BF}.Release|x64.Build.0 = Release|Any CPU
		{E27CF47F-1ED2-4D65-9480-4FB52F6BF6BF}.Release|x86.ActiveCfg = Release|Any CPU
		{E27CF47F-1ED2-4D65-9480-4FB52F6BF6BF}.Release|x86.Build.0 = Release|Any CPU
		{D411C3E4-D717-48DD-88CD-CCB7D4DFF9B1}.Debug|Any CPU.ActiveCfg = Debug|Any CPU
		{D411C3E4-D717-48DD-88CD-CCB7D4DFF9B1}.Debug|Any CPU.Build.0 = Debug|Any CPU
		{D411C3E4-D717-48DD-88CD-CCB7D4DFF9B1}.Debug|x64.ActiveCfg = Debug|Any CPU
		{D411C3E4-D717-48DD-88CD-CCB7D4DFF9B1}.Debug|x64.Build.0 = Debug|Any CPU
		{D411C3E4-D717-48DD-88CD-CCB7D4DFF9B1}.Debug|x86.ActiveCfg = Debug|Any CPU
		{D411C3E4-D717-48DD-88CD-CCB7D4DFF9B1}.Debug|x86.Build.0 = Debug|Any CPU
		{D411C3E4-D717-48DD-88CD-CCB7D4DFF9B1}.Release|Any CPU.ActiveCfg = Release|Any CPU
		{D411C3E4-D717-48DD-88CD-CCB7D4DFF9B1}.Release|Any CPU.Build.0 = Release|Any CPU
		{D411C3E4-D717-48DD-88CD-CCB7D4DFF9B1}.Release|x64.ActiveCfg = Release|Any CPU
		{D411C3E4-D717-48DD-88CD-CCB7D4DFF9B1}.Release|x64.Build.0 = Release|Any CPU
		{D411C3E4-D717-48DD-88CD-CCB7D4DFF9B1}.Release|x86.ActiveCfg = Release|Any CPU
		{D411C3E4-D717-48DD-88CD-CCB7D4DFF9B1}.Release|x86.Build.0 = Release|Any CPU
		{FA7B966E-8DF1-4A6B-BAC6-7212B16A19D7}.Debug|Any CPU.ActiveCfg = Debug|Any CPU
		{FA7B966E-8DF1-4A6B-BAC6-7212B16A19D7}.Debug|Any CPU.Build.0 = Debug|Any CPU
		{FA7B966E-8DF1-4A6B-BAC6-7212B16A19D7}.Debug|x64.ActiveCfg = Debug|Any CPU
		{FA7B966E-8DF1-4A6B-BAC6-7212B16A19D7}.Debug|x64.Build.0 = Debug|Any CPU
		{FA7B966E-8DF1-4A6B-BAC6-7212B16A19D7}.Debug|x86.ActiveCfg = Debug|Any CPU
		{FA7B966E-8DF1-4A6B-BAC6-7212B16A19D7}.Debug|x86.Build.0 = Debug|Any CPU
		{FA7B966E-8DF1-4A6B-BAC6-7212B16A19D7}.Release|Any CPU.ActiveCfg = Release|Any CPU
		{FA7B966E-8DF1-4A6B-BAC6-7212B16A19D7}.Release|Any CPU.Build.0 = Release|Any CPU
		{FA7B966E-8DF1-4A6B-BAC6-7212B16A19D7}.Release|x64.ActiveCfg = Release|Any CPU
		{FA7B966E-8DF1-4A6B-BAC6-7212B16A19D7}.Release|x64.Build.0 = Release|Any CPU
		{FA7B966E-8DF1-4A6B-BAC6-7212B16A19D7}.Release|x86.ActiveCfg = Release|Any CPU
		{FA7B966E-8DF1-4A6B-BAC6-7212B16A19D7}.Release|x86.Build.0 = Release|Any CPU
		{D5032E3C-CA95-33C5-D08D-C4D8158CF69F}.Debug|Any CPU.ActiveCfg = Debug|Any CPU
		{D5032E3C-CA95-33C5-D08D-C4D8158CF69F}.Debug|Any CPU.Build.0 = Debug|Any CPU
		{D5032E3C-CA95-33C5-D08D-C4D8158CF69F}.Debug|x64.ActiveCfg = Debug|Any CPU
		{D5032E3C-CA95-33C5-D08D-C4D8158CF69F}.Debug|x64.Build.0 = Debug|Any CPU
		{D5032E3C-CA95-33C5-D08D-C4D8158CF69F}.Debug|x86.ActiveCfg = Debug|Any CPU
		{D5032E3C-CA95-33C5-D08D-C4D8158CF69F}.Debug|x86.Build.0 = Debug|Any CPU
		{D5032E3C-CA95-33C5-D08D-C4D8158CF69F}.Release|Any CPU.ActiveCfg = Release|Any CPU
		{D5032E3C-CA95-33C5-D08D-C4D8158CF69F}.Release|Any CPU.Build.0 = Release|Any CPU
		{D5032E3C-CA95-33C5-D08D-C4D8158CF69F}.Release|x64.ActiveCfg = Release|Any CPU
		{D5032E3C-CA95-33C5-D08D-C4D8158CF69F}.Release|x64.Build.0 = Release|Any CPU
		{D5032E3C-CA95-33C5-D08D-C4D8158CF69F}.Release|x86.ActiveCfg = Release|Any CPU
		{D5032E3C-CA95-33C5-D08D-C4D8158CF69F}.Release|x86.Build.0 = Release|Any CPU
		{2F4A6BC0-3915-4441-82B4-B311D373F736}.Debug|Any CPU.ActiveCfg = Debug|Any CPU
		{2F4A6BC0-3915-4441-82B4-B311D373F736}.Debug|Any CPU.Build.0 = Debug|Any CPU
		{2F4A6BC0-3915-4441-82B4-B311D373F736}.Debug|x64.ActiveCfg = Debug|Any CPU
		{2F4A6BC0-3915-4441-82B4-B311D373F736}.Debug|x64.Build.0 = Debug|Any CPU
		{2F4A6BC0-3915-4441-82B4-B311D373F736}.Debug|x86.ActiveCfg = Debug|Any CPU
		{2F4A6BC0-3915-4441-82B4-B311D373F736}.Debug|x86.Build.0 = Debug|Any CPU
		{2F4A6BC0-3915-4441-82B4-B311D373F736}.Release|Any CPU.ActiveCfg = Release|Any CPU
		{2F4A6BC0-3915-4441-82B4-B311D373F736}.Release|Any CPU.Build.0 = Release|Any CPU
		{2F4A6BC0-3915-4441-82B4-B311D373F736}.Release|x64.ActiveCfg = Release|Any CPU
		{2F4A6BC0-3915-4441-82B4-B311D373F736}.Release|x64.Build.0 = Release|Any CPU
		{2F4A6BC0-3915-4441-82B4-B311D373F736}.Release|x86.ActiveCfg = Release|Any CPU
		{2F4A6BC0-3915-4441-82B4-B311D373F736}.Release|x86.Build.0 = Release|Any CPU
		{510C870E-72E3-BF70-9DD2-A44EFF3B49D1}.Debug|Any CPU.ActiveCfg = Debug|Any CPU
		{510C870E-72E3-BF70-9DD2-A44EFF3B49D1}.Debug|Any CPU.Build.0 = Debug|Any CPU
		{510C870E-72E3-BF70-9DD2-A44EFF3B49D1}.Debug|x64.ActiveCfg = Debug|Any CPU
		{510C870E-72E3-BF70-9DD2-A44EFF3B49D1}.Debug|x64.Build.0 = Debug|Any CPU
		{510C870E-72E3-BF70-9DD2-A44EFF3B49D1}.Debug|x86.ActiveCfg = Debug|Any CPU
		{510C870E-72E3-BF70-9DD2-A44EFF3B49D1}.Debug|x86.Build.0 = Debug|Any CPU
		{510C870E-72E3-BF70-9DD2-A44EFF3B49D1}.Release|Any CPU.ActiveCfg = Release|Any CPU
		{510C870E-72E3-BF70-9DD2-A44EFF3B49D1}.Release|Any CPU.Build.0 = Release|Any CPU
		{510C870E-72E3-BF70-9DD2-A44EFF3B49D1}.Release|x64.ActiveCfg = Release|Any CPU
		{510C870E-72E3-BF70-9DD2-A44EFF3B49D1}.Release|x64.Build.0 = Release|Any CPU
		{510C870E-72E3-BF70-9DD2-A44EFF3B49D1}.Release|x86.ActiveCfg = Release|Any CPU
		{510C870E-72E3-BF70-9DD2-A44EFF3B49D1}.Release|x86.Build.0 = Release|Any CPU
	EndGlobalSection
	GlobalSection(SolutionProperties) = preSolution
		HideSolutionNode = FALSE
	EndGlobalSection
	GlobalSection(ExtensibilityGlobals) = postSolution
		SolutionGuid = {6DF94F68-E821-4AF3-BB05-DD1B857FDC24}
	EndGlobalSection
EndGlobal
